PODS:
  - FMDB/SQLCipher (2.7.5):
    - SQLCipher
  - SQLCipher (4.2.0):
    - SQLCipher/standard (= 4.2.0)
  - SQLCipher/common (4.2.0)
  - SQLCipher/standard (4.2.0):
    - SQLCipher/common

DEPENDENCIES:
  - FMDB/SQLCipher (= 2.7.5)
  - SQLCipher (= 4.2.0)

SPEC REPOS:
  trunk:
    - FMDB
    - SQLCipher

SPEC CHECKSUMS:
  FMDB: 2ce00b547f966261cd18927a3ddb07cb6f3db82a
  SQLCipher: 0187a2180ac288ea686b670b7141da62cd013b16

PODFILE CHECKSUM: b985ef7235df3c5513776f298897a42c1e657377

COCOAPODS: 1.12.1
